
Microsoft Visual Studio Solution File, Format Version 12.00
# Visual Studio 15
VisualStudioVersion = 15.0.28010.2026
MinimumVisualStudioVersion = 10.0.40219.1
Project("{E24C65DC-7377-472B-9ABA-BC803B73C61A}") = "BJ_LookAtTrianglesWithKeys", "BJ_LookAtTrianglesWithKeys\", "{121C2BC1-9D3B-4C91-8CBA-F66C3D9E76EC}"
	ProjectSection(WebsiteProperties) = preProject
		TargetFrameworkMoniker = ".NETFramework,Version%3Dv4.7.2"
		Debug.AspNetCompiler.VirtualPath = "/localhost_63588"
		Debug.AspNetCompiler.PhysicalPath = "BJ_LookAtTrianglesWithKeys\"
		Debug.AspNetCompiler.TargetPath = "PrecompiledWeb\localhost_63588\"
		Debug.AspNetCompiler.Updateable = "true"
		Debug.AspNetCompiler.ForceOverwrite = "true"
		Debug.AspNetCompiler.FixedNames = "false"
		Debug.AspNetCompiler.Debug = "True"
		Release.AspNetCompiler.VirtualPath = "/localhost_63588"
		Release.AspNetCompiler.PhysicalPath = "BJ_LookAtTrianglesWithKeys\"
		Release.AspNetCompiler.TargetPath = "PrecompiledWeb\localhost_63588\"
		Release.AspNetCompiler.Updateable = "true"
		Release.AspNetCompiler.ForceOverwrite = "true"
		Release.AspNetCompiler.FixedNames = "false"
		Release.AspNetCompiler.Debug = "False"
		VWDPort = "63588"
		SlnRelativePath = "BJ_LookAtTrianglesWithKeys\"
		DefaultWebSiteLanguage = "Visual C#"
	EndProjectSection
EndProject
Global
	GlobalSection(SolutionConfigurationPlatforms) = preSolution
		Debug|Any CPU = Debug|Any CPU
	EndGlobalSection
	GlobalSection(ProjectConfigurationPlatforms) = postSolution
		{121C2BC1-9D3B-4C91-8CBA-F66C3D9E76EC}.Debug|Any CPU.ActiveCfg = Debug|Any CPU
		{121C2BC1-9D3B-4C91-8CBA-F66C3D9E76EC}.Debug|Any CPU.Build.0 = Debug|Any CPU
	EndGlobalSection
	GlobalSection(SolutionProperties) = preSolution
		HideSolutionNode = FALSE
	EndGlobalSection
	GlobalSection(ExtensibilityGlobals) = postSolution
		SolutionGuid = {CDE3980C-DAEC-462F-B9AA-ADBCCF901DDC}
	EndGlobalSection
EndGlobal
